github.com/Jeffail/gabs v1.4.0 h1://5fYRRTq1edjfIrQGvdkcd22pkYUrHZ5YC/H2GJVAo=
github.com/Jeffail/gabs v1.4.0/go.mod h1:6xMvQMK4k33lb7GUUpaAPh6nKMmemQeg5d4gn7/bOXc=
github.com/admiral-team/admiral-tools v0.0.0-20220713201205-558c0a039fc1 h1:tPHZOy8ugZ35lzratzE+UytRB1JYvpfAEjWsTliGE0I=
github.com/admiral-team/admiral-tools v0.0.0-20220713201205-558c0a039fc1/go.mod h1:AY1H2L8D+Kidkmo6I1diBm5Ru1/42ewAc7b+XguzgWs=
github.com/admiral-team/admiral-tools v0.0.0-20220713202546-0a837bf33e2a h1:rdvYx+9j2Q736YO38tLVL+EkwSK1mmnrIe+hyXFxHM8=
github.com/admiral-team/admiral-tools v0.0.0-20220713202546-0a837bf33e2a/go.mod h1:AY1H2L8D+Kidkmo6I1diBm5Ru1/42ewAc7b+XguzgWs=
github.com/admiral-team/admiral-tools v0.0.0-20220817174330-34393f83fef4 h1:u+Ds6EVi9JJqS4LQrIprSa+YaRD35b45j/DDdXLftbk=
github.com/admiral-team/admiral-tools v0.0.0-20220817174330-34393f83fef4/go.mod h1:IPsiBOauKr4dwrSJTQiSgtAPzNU+sdyBjSPSkFdnPm0=
github.com/admiral-team/admiral-tools v0.0.0-20221011191131-169a1233eea6 h1:ZkkDTzq+0nvP1cgvfyIJm2skah+YAT0Xn+404zylWYU=
github.com/admiral-team/admiral-tools v0.0.0-20221011191131-169a1233eea6/go.mod h1:IPsiBOauKr4dwrSJTQiSgtAPzNU+sdyBjSPSkFdnPm0=
github.com/admiral-team/admiral-tools v0.0.0-20221011195450-28dccd566aad h1:hKMPiHGjFwo56DsflnJ20orBArQ5wI2UqTVqc1iLLaI=
github.com/admiral-team/admiral-tools v0.0.0-20221011195450-28dccd566aad/go.mod h1:IPsiBOauKr4dwrSJTQiSgtAPzNU+sdyBjSPSkFdnPm0=
github.com/admiral-team/admiral-tools v0.0.0-20221110121322-a1eabee8e7ca h1:uhbIleTVm5IQHY9N4vDq4Ark9/o0w4N4itcs2e7fFuI=
github.com/admiral-team/admiral-tools v0.0.0-20221110121322-a1eabee8e7ca/go.mod h1:IPsiBOauKr4dwrSJTQiSgtAPzNU+sdyBjSPSkFdnPm0=
github.com/admiral-team/admiral-tools v0.0.0-20221115223423-0d4fbdab284c h1:mRQ9gbX9Lz8d9WPm28u/q/TYsyUm5E0tWbHB0xcqr78=
github.com/admiral-team/admiral-tools v0.0.0-20221115223423-0d4fbdab284c/go.mod h1:IPsiBOauKr4dwrSJTQiSgtAPzNU+sdyBjSPSkFdnPm0=
github.com/admiral-team/admiral-tools v0.0.0-20221224140230-5109fbaf9ed5 h1:wsrxYgzrTkEANgklQ3ebU9DMuIuQA0Nlh4fZMkmj7Is=
github.com/admiral-team/admiral-tools v0.0.0-20221224140230-5109fbaf9ed5/go.mod h1:IPsiBOauKr4dwrSJTQiSgtAPzNU+sdyBjSPSkFdnPm0=
github.com/go-playground/colors v1.3.0 h1:B+jYkyTo36sREzsaXd3kawgG53rw0zqX9fSllGVoLdc=
github.com/go-playground/colors v1.3.0/go.mod h1:5rTAoESUkprj1EHZvzGti8xkb8XwAGYzYEFmW18B8es=
github.com/golang/protobuf v1.3.1/go.mod h1:6lQm79b+lXiMfvg/cZm0SGofjICqVBUtrP5yJMmIC1U=
github.com/golang/protobuf v1.5.0/go.mod h1:FsONVRAS9T7sI+LIUmWTfcYkHO4aIWwzhcaSAoJOfIk=
github.com/golang/protobuf v1.5.2 h1:ROPKBNFfQgOUMifHyP+KYbvpjbdoFNs+aK7DXlji0Tw=
github.com/golang/protobuf v1.5.2/go.mod h1:XVQd3VNwM+JqD3oG2Ue2ip4fOMUkwXdXDdiuN0vRsmY=
github.com/google/go-cmp v0.5.2/go.mod h1:v8dTdLbMG2kIc/vJvl+f65V22dbkXbowE6jgT/gNBxE=
github.com/google/go-cmp v0.5.5/go.mod h1:v8dTdLbMG2kIc/vJvl+f65V22dbkXbowE6jgT/gNBxE=
github.com/google/go-github v17.0.0+incompatible h1:N0LgJ1j65A7kfXrZnUDaYCs/Sf4rEjNlfyDHW9dolSY=
github.com/google/go-github v17.0.0+incompatible/go.mod h1:zLgOLi98H3fifZn+44m+umXrS52loVEgC2AApnigrVQ=
github.com/google/go-github/v43 v43.0.0 h1:y+GL7LIsAIF2NZlJ46ZoC/D1W1ivZasT0lnWHMYPZ+U=
github.com/google/go-github/v43 v43.0.0/go.mod h1:ZkTvvmCXBvsfPpTHXnH/d2hP9Y0cTbvN9kr5xqyXOIc=
github.com/google/go-github/v45 v45.2.0 h1:5oRLszbrkvxDDqBCNj2hjDZMKmvexaZ1xw/FCD+K3FI=
github.com/google/go-github/v45 v45.2.0/go.mod h1:FObaZJEDSTa/WGCzZ2Z3eoCDXWJKMenWWTrd8jrta28=
github.com/google/go-querystring v1.1.0 h1:AnCroh3fv4ZBgVIf1Iwtovgjaw/GiKJo8M8yD/fhyJ8=
github.com/google/go-querystring v1.1.0/go.mod h1:Kcdr2DB4koayq7X8pmAG4sNG59So17icRSOU623lUBU=
github.com/iancoleman/strcase v0.2.0 h1:05I4QRnGpI0m37iZQRuskXh+w77mr6Z41lwQzuHLwW0=
github.com/iancoleman/strcase v0.2.0/go.mod h1:iwCmte+B7n89clKwxIoIXy/HfoL7AsD47ZCWhYzw7ho=
github.com/joho/godotenv v1.4.0 h1:3l4+N6zfMWnkbPEXKng2o2/MR5mSwTrBih4ZEkkz1lg=
github.com/joho/godotenv v1.4.0/go.mod h1:f4LDr5Voq0i2e/R5DDNOoa2zzDfwtkZa6DnEwAbqwq4=
github.com/phpdave11/gofpdi v1.0.11/go.mod h1:vBmVV0Do6hSBHC8uKUQ71JGW+ZGQq74llk/7bXwjDoI=
github.com/phpdave11/gofpdi v1.0.13 h1:o61duiW8M9sMlkVXWlvP92sZJtGKENvW3VExs6dZukQ=
github.com/phpdave11/gofpdi v1.0.13/go.mod h1:vBmVV0Do6hSBHC8uKUQ71JGW+ZGQq74llk/7bXwjDoI=
github.com/pkg/errors v0.8.1/go.mod h1:bwawxfHBFNV+L2hUp1rHADufV3IMtnDRdf1r5NINEl0=
github.com/pkg/errors v0.9.1 h1:FEBLx1zS214owpjy7qsBeixbURkuhQAwrK5UwLGTwt4=
github.com/pkg/errors v0.9.1/go.mod h1:bwawxfHBFNV+L2hUp1rHADufV3IMtnDRdf1r5NINEl0=
github.com/signintech/gopdf v0.12.0 h1:WxwRsrSqU1j3HAlafDYz4jSvLNUGDd6DAb9IrWbTc3U=
github.com/signintech/gopdf v0.12.0/go.mod h1:a+E8HlIuBwghPyoo7UaoB5UaL7zklDzmYVIAHoW/Rlw=
golang.org/x/crypto v0.0.0-20190308221718-c2843e01d9a2/go.mod h1:djNgcEr1/C05ACkg1iLfiJU5Ep61QUkGW8qpdssI0+w=
golang.org/x/crypto v0.0.0-20210817164053-32db794688a5 h1:HWj/xjIHfjYU5nVXpTM0s39J9CbLn7Cc5a7IC5rwsMQ=
golang.org/x/crypto v0.0.0-20210817164053-32db794688a5/go.mod h1:GvvjBRRGRdwPK5ydBHafDWAxML/pGHZbMvKqRZ5+Abc=
golang.org/x/net v0.0.0-20190603091049-60506f45cf65/go.mod h1:HSz+uSET+XFnRR8LxR5pz3Of3rY3CfYBVs4xY44aLks=
golang.org/x/net v0.0.0-20220624214902-1bab6f366d9e h1:TsQ7F31D3bUCLeqPT0u+yjp1guoArKaNKmCr22PYgTQ=
golang.org/x/net v0.0.0-20220624214902-1bab6f366d9e/go.mod h1:XRhObCWvk6IyKnWLug+ECip1KBveYUHfp+8e9klMJ9c=
golang.org/x/oauth2 v0.0.0-20220630143837-2104d58473e0 h1:VnGaRqoLmqZH/3TMLJwYCEWkR4j1nuIU1U9TvbqsDUw=
golang.org/x/oauth2 v0.0.0-20220630143837-2104d58473e0/go.mod h1:h4gKUeWbJ4rQPri7E0u6Gs4e9Ri2zaLxzw5DI5XGrYg=
golang.org/x/sys v0.0.0-20190215142949-d0b11bdaac8a/go.mod h1:STP8DvDyc/dI5b8T5hshtkjS+E42TnysNCUPdjciGhY=
golang.org/x/text v0.3.0/go.mod h1:NqM8EUOU14njkJ3fqMW+pc6Ldnwhi/IjpwHt7yyuwOQ=
golang.org/x/text v0.3.2/go.mod h1:bEr9sfX3Q8Zfm5fL9x+3itogRgK3+ptLWKqgva+5dAk=
golang.org/x/tools v0.0.0-20180917221912-90fa682c2a6e/go.mod h1:n7NCudcB/nEzxVGmLbDWY5pfWTLqBcC2KZ6jyYvM4mQ=
golang.org/x/xerrors v0.0.0-20191204190536-9bdfabe68543/go.mod h1:I/5z698sn9Ka8TeJc9MKroUUfqBBauWjQqLJ2OPfmY0=
google.golang.org/appengine v1.6.7 h1:FZR1q0exgwxzPzp/aF+VccGrSfxfPpkBqjIIEq3ru6c=
google.golang.org/appengine v1.6.7/go.mod h1:8WjMMxjGQR8xUklV/ARdw2HLXBOI7O7uCIDZVag1xfc=
google.golang.org/protobuf v1.26.0-rc.1/go.mod h1:jlhhOSvTdKEhbULTjvd4ARK9grFBp09yW+WbY/TyQbw=
google.golang.org/protobuf v1.26.0/go.mod h1:9q0QmTI4eRPtz6boOQmLYwt+qCgq0jsYwAQnmE0givc=
google.golang.org/protobuf v1.28.0 h1:w43yiav+6bVFTBQFZX0r7ipe9JQ1QsbMgHwbBziscLw=
google.golang.org/protobuf v1.28.0/go.mod h1:HV8QOd/L58Z+nl8r43ehVNZIU/HEI6OcFqwMG9pJV4I=
