github.com/admiral-team/admiral-tools v0.0.0-20220616075151-42e1d3d93b90 h1:KsTLUoiktp3lIgu2TL1bTAzjlN20OgDZZf9W4NfWDfU=
github.com/admiral-team/admiral-tools v0.0.0-20220616075151-42e1d3d93b90/go.mod h1:BV3cI28dkTdODbZF44i2eIml78z9KyItPgu1Xc6FhsA=
github.com/admiral-team/admiral-tools v0.0.0-20220616135510-452215538c02 h1:BmnIdnpbCNIyfYLygn4PYgYYTkJzLOePbWcJIgZIdEc=
github.com/admiral-team/admiral-tools v0.0.0-20220616135510-452215538c02/go.mod h1:BV3cI28dkTdODbZF44i2eIml78z9KyItPgu1Xc6FhsA=
github.com/admiral-team/admiral-tools v0.0.0-20220617123606-53939dfd473b h1:T0zA8jjAU6m2gq5znXzfaGRq2e+RUwdwxrAgeUdtyGg=
github.com/admiral-team/admiral-tools v0.0.0-20220617123606-53939dfd473b/go.mod h1:BV3cI28dkTdODbZF44i2eIml78z9KyItPgu1Xc6FhsA=
github.com/admiral-team/admiral-tools v0.0.0-20220622094529-9449438382c1 h1:dv5Fgd3WdtWS9h6FS+Ix3bY5CZ/vODa8J1kD/PicYQM=
github.com/admiral-team/admiral-tools v0.0.0-20220622094529-9449438382c1/go.mod h1:ojJ8oawkJv/3xLIv9fh2+amgEPPMsZU2LXShFBavd+c=
github.com/admiral-team/admiral-tools v0.0.0-20220622102316-af62ad256cc1 h1:YWpaiZt/18mtTEJLp1rATRI+CEIJvTxRzGecGZ9xhZA=
github.com/admiral-team/admiral-tools v0.0.0-20220622102316-af62ad256cc1/go.mod h1:ojJ8oawkJv/3xLIv9fh2+amgEPPMsZU2LXShFBavd+c=
github.com/admiral-team/admiral-tools v0.0.0-20220622103307-9e0c52e1d7a6 h1:FlKeVvaGzFJDMHUlek1OdyyCjRoW7tWbTbKCF4mZ++w=
github.com/admiral-team/admiral-tools v0.0.0-20220622103307-9e0c52e1d7a6/go.mod h1:ojJ8oawkJv/3xLIv9fh2+amgEPPMsZU2LXShFBavd+c=
github.com/iancoleman/strcase v0.2.0 h1:05I4QRnGpI0m37iZQRuskXh+w77mr6Z41lwQzuHLwW0=
github.com/iancoleman/strcase v0.2.0/go.mod h1:iwCmte+B7n89clKwxIoIXy/HfoL7AsD47ZCWhYzw7ho=
github.com/joho/godotenv v1.4.0 h1:3l4+N6zfMWnkbPEXKng2o2/MR5mSwTrBih4ZEkkz1lg=
github.com/joho/godotenv v1.4.0/go.mod h1:f4LDr5Voq0i2e/R5DDNOoa2zzDfwtkZa6DnEwAbqwq4=
github.com/phpdave11/gofpdi v1.0.11/go.mod h1:vBmVV0Do6hSBHC8uKUQ71JGW+ZGQq74llk/7bXwjDoI=
github.com/phpdave11/gofpdi v1.0.13 h1:o61duiW8M9sMlkVXWlvP92sZJtGKENvW3VExs6dZukQ=
github.com/phpdave11/gofpdi v1.0.13/go.mod h1:vBmVV0Do6hSBHC8uKUQ71JGW+ZGQq74llk/7bXwjDoI=
github.com/pkg/errors v0.8.1/go.mod h1:bwawxfHBFNV+L2hUp1rHADufV3IMtnDRdf1r5NINEl0=
github.com/pkg/errors v0.9.1 h1:FEBLx1zS214owpjy7qsBeixbURkuhQAwrK5UwLGTwt4=
github.com/pkg/errors v0.9.1/go.mod h1:bwawxfHBFNV+L2hUp1rHADufV3IMtnDRdf1r5NINEl0=
github.com/signintech/gopdf v0.12.0 h1:WxwRsrSqU1j3HAlafDYz4jSvLNUGDd6DAb9IrWbTc3U=
github.com/signintech/gopdf v0.12.0/go.mod h1:a+E8HlIuBwghPyoo7UaoB5UaL7zklDzmYVIAHoW/Rlw=
